
Microsoft Visual Studio Solution File, Format Version 12.00
# Visual Studio 15
VisualStudioVersion = 15.0.28010.2046
MinimumVisualStudioVersion = 10.0.40219.1
Project("{FAE04EC0-301F-11D3-BF4B-00C04F79EFBC}") = "WpfCustomControlsByMe", "WpfCustomControlsByMe\WpfCustomControlsByMe.csproj", "{967CB71D-01BD-4903-80A2-C5B6D1218D78}"
EndProject
Global
	GlobalSection(SolutionConfigurationPlatforms) = preSolution
		Debug|Any CPU = Debug|Any CPU
		Release|Any CPU = Release|Any CPU
	EndGlobalSection
	GlobalSection(ProjectConfigurationPlatforms) = postSolution
		{967CB71D-01BD-4903-80A2-C5B6D1218D78}.Debug|Any CPU.ActiveCfg = Debug|Any CPU
		{967CB71D-01BD-4903-80A2-C5B6D1218D78}.Debug|Any CPU.Build.0 = Debug|Any CPU
		{967CB71D-01BD-4903-80A2-C5B6D1218D78}.Release|Any CPU.ActiveCfg = Release|Any CPU
		{967CB71D-01BD-4903-80A2-C5B6D1218D78}.Release|Any CPU.Build.0 = Release|Any CPU
	EndGlobalSection
	GlobalSection(SolutionProperties) = preSolution
		HideSolutionNode = FALSE
	EndGlobalSection
	GlobalSection(ExtensibilityGlobals) = postSolution
		SolutionGuid = {1DA70193-0D02-45FE-AA50-4DFCC465ECC0}
	EndGlobalSection
EndGlobal
